
Microsoft Visual Studio Solution File, Format Version 12.00
# Visual Studio Version 16
VisualStudioVersion = 16.0.31313.79
MinimumVisualStudioVersion = 10.0.40219.1
Project("{FAE04EC0-301F-11D3-BF4B-00C04F79EFBC}") = "EmployeeWageCalculation", "EmployeeWageCalculation.csproj", "{FB95A5D6-12F9-4182-AB67-AA68F324146B}"
EndProject
Global
	GlobalSection(SolutionConfigurationPlatforms) = preSolution
		Debug|Any CPU = Debug|Any CPU
		Release|Any CPU = Release|Any CPU
	EndGlobalSection
	GlobalSection(ProjectConfigurationPlatforms) = postSolution
		{FB95A5D6-12F9-4182-AB67-AA68F324146B}.Debug|Any CPU.ActiveCfg = Debug|Any CPU
		{FB95A5D6-12F9-4182-AB67-AA68F324146B}.Debug|Any CPU.Build.0 = Debug|Any CPU
		{FB95A5D6-12F9-4182-AB67-AA68F324146B}.Release|Any CPU.ActiveCfg = Release|Any CPU
		{FB95A5D6-12F9-4182-AB67-AA68F324146B}.Release|Any CPU.Build.0 = Release|Any CPU
	EndGlobalSection
	GlobalSection(SolutionProperties) = preSolution
		HideSolutionNode = FALSE
	EndGlobalSection
	GlobalSection(ExtensibilityGlobals) = postSolution
		SolutionGuid = {2F1463FE-ECC4-496B-96CD-3E85027D2E40}
	EndGlobalSection
EndGlobal
